
Microsoft Visual Studio Solution File, Format Version 12.00
# Visual Studio Version 16
VisualStudioVersion = 16.0.30320.27
MinimumVisualStudioVersion = 10.0.40219.1
Project("{9A19103F-16F7-4668-BE54-9A1E7A4F7556}") = "Calculator", "Calculator\Calculator.csproj", "{B27EE27E-D303-413F-9C43-DA0D2B287141}"
EndProject
Project("{9A19103F-16F7-4668-BE54-9A1E7A4F7556}") = "CalculatorTests", "CalculatorTests\CalculatorTests.csproj", "{FFDF364D-4AF6-4A36-A7E8-0E0B79A761E7}"
EndProject
Global
	GlobalSection(SolutionConfigurationPlatforms) = preSolution
		Debug|Any CPU = Debug|Any CPU
		Release|Any CPU = Release|Any CPU
	EndGlobalSection
	GlobalSection(ProjectConfigurationPlatforms) = postSolution
		{B27EE27E-D303-413F-9C43-DA0D2B287141}.Debug|Any CPU.ActiveCfg = Debug|Any CPU
		{B27EE27E-D303-413F-9C43-DA0D2B287141}.Debug|Any CPU.Build.0 = Debug|Any CPU
		{B27EE27E-D303-413F-9C43-DA0D2B287141}.Release|Any CPU.ActiveCfg = Release|Any CPU
		{B27EE27E-D303-413F-9C43-DA0D2B287141}.Release|Any CPU.Build.0 = Release|Any CPU
		{FFDF364D-4AF6-4A36-A7E8-0E0B79A761E7}.Debug|Any CPU.ActiveCfg = Debug|Any CPU
		{FFDF364D-4AF6-4A36-A7E8-0E0B79A761E7}.Debug|Any CPU.Build.0 = Debug|Any CPU
		{FFDF364D-4AF6-4A36-A7E8-0E0B79A761E7}.Release|Any CPU.ActiveCfg = Release|Any CPU
		{FFDF364D-4AF6-4A36-A7E8-0E0B79A761E7}.Release|Any CPU.Build.0 = Release|Any CPU
	EndGlobalSection
	GlobalSection(SolutionProperties) = preSolution
		HideSolutionNode = FALSE
	EndGlobalSection
	GlobalSection(ExtensibilityGlobals) = postSolution
		SolutionGuid = {898A1C0A-6DBA-4E16-A13B-A367868E98FF}
	EndGlobalSection
EndGlobal
